// !$*UTF8*$!
{
	archiveVersion = 1;
	classes = {
	};
	objectVersion = 56;
	objects = {

/* Begin PBXBuildFile section */
		D60B12F32B016AF8008D725F /* HomeView.swift in Sources */ = {isa = PBXBuildFile; fileRef = D60B12F22B016AF8008D725F /* HomeView.swift */; };
		D60B12F52B016BC5008D725F /* CartView.swift in Sources */ = {isa = PBXBuildFile; fileRef = D60B12F42B016BC5008D725F /* CartView.swift */; };
		D60B12F72B017071008D725F /* ProfileView.swift in Sources */ = {isa = PBXBuildFile; fileRef = D60B12F62B017071008D725F /* ProfileView.swift */; };
		D60B12FA2B01773C008D725F /* User.swift in Sources */ = {isa = PBXBuildFile; fileRef = D60B12F92B01773C008D725F /* User.swift */; };
		D6AAE1D52AFD63AB00940CE5 /* KitchenCartApp.swift in Sources */ = {isa = PBXBuildFile; fileRef = D6AAE1D42AFD63AB00940CE5 /* KitchenCartApp.swift */; };
		D6AAE1D72AFD63AB00940CE5 /* ContentView.swift in Sources */ = {isa = PBXBuildFile; fileRef = D6AAE1D62AFD63AB00940CE5 /* ContentView.swift */; };
		D6AAE1D92AFD63AC00940CE5 /* Assets.xcassets in Resources */ = {isa = PBXBuildFile; fileRef = D6AAE1D82AFD63AC00940CE5 /* Assets.xcassets */; };
		D6AAE1DC2AFD63AC00940CE5 /* Preview Assets.xcassets in Resources */ = {isa = PBXBuildFile; fileRef = D6AAE1DB2AFD63AC00940CE5 /* Preview Assets.xcassets */; };
		D6AAE1E42AFD645E00940CE5 /* WelcomeView.swift in Sources */ = {isa = PBXBuildFile; fileRef = D6AAE1E32AFD645E00940CE5 /* WelcomeView.swift */; };
		D6AAE1E62AFD647500940CE5 /* LoginView.swift in Sources */ = {isa = PBXBuildFile; fileRef = D6AAE1E52AFD647500940CE5 /* LoginView.swift */; };
		D6AAE1E92AFD649B00940CE5 /* SignupView.swift in Sources */ = {isa = PBXBuildFile; fileRef = D6AAE1E82AFD649B00940CE5 /* SignupView.swift */; };
		D6AAE1EC2AFD6DE500940CE5 /* Colors.swift in Sources */ = {isa = PBXBuildFile; fileRef = D6AAE1EB2AFD6DE500940CE5 /* Colors.swift */; };
		D6AAE1F32AFD771600940CE5 /* openSans.ttf in Resources */ = {isa = PBXBuildFile; fileRef = D6AAE1F22AFD771600940CE5 /* openSans.ttf */; };
		D6D1E7862AFECB0000A84AA2 /* NavigationButton.swift in Sources */ = {isa = PBXBuildFile; fileRef = D6D1E7852AFECB0000A84AA2 /* NavigationButton.swift */; };
		D6D1E78A2AFECDFE00A84AA2 /* MainApp.swift in Sources */ = {isa = PBXBuildFile; fileRef = D6D1E7892AFECDFE00A84AA2 /* MainApp.swift */; };
		D6EF387D2B03B7FD0065FD8E /* ProductDetailView.swift in Sources */ = {isa = PBXBuildFile; fileRef = D6EF387C2B03B7FD0065FD8E /* ProductDetailView.swift */; };
		D6EF387F2B03B8880065FD8E /* Product.swift in Sources */ = {isa = PBXBuildFile; fileRef = D6EF387E2B03B8880065FD8E /* Product.swift */; };
		D6EF38812B03D0650065FD8E /* CartTile.swift in Sources */ = {isa = PBXBuildFile; fileRef = D6EF38802B03D0650065FD8E /* CartTile.swift */; };
		D6EF38832B03D0C40065FD8E /* ProductTile.swift in Sources */ = {isa = PBXBuildFile; fileRef = D6EF38822B03D0C40065FD8E /* ProductTile.swift */; };
		D6EF38852B03D1630065FD8E /* CategoryCard.swift in Sources */ = {isa = PBXBuildFile; fileRef = D6EF38842B03D1630065FD8E /* CategoryCard.swift */; };
		D6EF38872B03D1A60065FD8E /* Cart.swift in Sources */ = {isa = PBXBuildFile; fileRef = D6EF38862B03D1A60065FD8E /* Cart.swift */; };
		D6EF38892B03E2FF0065FD8E /* CheckoutView.swift in Sources */ = {isa = PBXBuildFile; fileRef = D6EF38882B03E2FF0065FD8E /* CheckoutView.swift */; };
		D6EF388B2B03FD2F0065FD8E /* OrderConfirmationView.swift in Sources */ = {isa = PBXBuildFile; fileRef = D6EF388A2B03FD2F0065FD8E /* OrderConfirmationView.swift */; };
		D6EF388D2B0412A00065FD8E /* SearchView.swift in Sources */ = {isa = PBXBuildFile; fileRef = D6EF388C2B0412A00065FD8E /* SearchView.swift */; };
/* End PBXBuildFile section */

/* Begin PBXFileReference section */
		D60B12F22B016AF8008D725F /* HomeView.swift */ = {isa = PBXFileReference; lastKnownFileType = sourcecode.swift; path = HomeView.swift; sourceTree = "<group>"; };
		D60B12F42B016BC5008D725F /* CartView.swift */ = {isa = PBXFileReference; lastKnownFileType = sourcecode.swift; path = CartView.swift; sourceTree = "<group>"; };
		D60B12F62B017071008D725F /* ProfileView.swift */ = {isa = PBXFileReference; lastKnownFileType = sourcecode.swift; path = ProfileView.swift; sourceTree = "<group>"; };
		D60B12F92B01773C008D725F /* User.swift */ = {isa = PBXFileReference; lastKnownFileType = sourcecode.swift; path = User.swift; sourceTree = "<group>"; };
		D6AAE1D12AFD63AB00940CE5 /* KitchenCart.app */ = {isa = PBXFileReference; explicitFileType = wrapper.application; includeInIndex = 0; path = KitchenCart.app; sourceTree = BUILT_PRODUCTS_DIR; };
		D6AAE1D42AFD63AB00940CE5 /* KitchenCartApp.swift */ = {isa = PBXFileReference; lastKnownFileType = sourcecode.swift; path = KitchenCartApp.swift; sourceTree = "<group>"; };
		D6AAE1D62AFD63AB00940CE5 /* ContentView.swift */ = {isa = PBXFileReference; lastKnownFileType = sourcecode.swift; path = ContentView.swift; sourceTree = "<group>"; };
		D6AAE1D82AFD63AC00940CE5 /* Assets.xcassets */ = {isa = PBXFileReference; lastKnownFileType = folder.assetcatalog; path = Assets.xcassets; sourceTree = "<group>"; };
		D6AAE1DB2AFD63AC00940CE5 /* Preview Assets.xcassets */ = {isa = PBXFileReference; lastKnownFileType = folder.assetcatalog; path = "Preview Assets.xcassets"; sourceTree = "<group>"; };
		D6AAE1E32AFD645E00940CE5 /* WelcomeView.swift */ = {isa = PBXFileReference; lastKnownFileType = sourcecode.swift; path = WelcomeView.swift; sourceTree = "<group>"; };
		D6AAE1E52AFD647500940CE5 /* LoginView.swift */ = {isa = PBXFileReference; lastKnownFileType = sourcecode.swift; path = LoginView.swift; sourceTree = "<group>"; };
		D6AAE1E82AFD649B00940CE5 /* SignupView.swift */ = {isa = PBXFileReference; lastKnownFileType = sourcecode.swift; path = SignupView.swift; sourceTree = "<group>"; };
		D6AAE1EB2AFD6DE500940CE5 /* Colors.swift */ = {isa = PBXFileReference; lastKnownFileType = sourcecode.swift; path = Colors.swift; sourceTree = "<group>"; };
		D6AAE1F12AFD76BC00940CE5 /* Info.plist */ = {isa = PBXFileReference; lastKnownFileType = text.plist; path = Info.plist; sourceTree = "<group>"; };
		D6AAE1F22AFD771600940CE5 /* openSans.ttf */ = {isa = PBXFileReference; lastKnownFileType = file; name = openSans.ttf; path = KitchenCart/openSans.ttf; sourceTree = "<group>"; };
		D6D1E7852AFECB0000A84AA2 /* NavigationButton.swift */ = {isa = PBXFileReference; lastKnownFileType = sourcecode.swift; path = NavigationButton.swift; sourceTree = "<group>"; };
		D6D1E7892AFECDFE00A84AA2 /* MainApp.swift */ = {isa = PBXFileReference; lastKnownFileType = sourcecode.swift; path = MainApp.swift; sourceTree = "<group>"; };
		D6EF387C2B03B7FD0065FD8E /* ProductDetailView.swift */ = {isa = PBXFileReference; lastKnownFileType = sourcecode.swift; path = ProductDetailView.swift; sourceTree = "<group>"; };
		D6EF387E2B03B8880065FD8E /* Product.swift */ = {isa = PBXFileReference; lastKnownFileType = sourcecode.swift; path = Product.swift; sourceTree = "<group>"; };
		D6EF38802B03D0650065FD8E /* CartTile.swift */ = {isa = PBXFileReference; lastKnownFileType = sourcecode.swift; path = CartTile.swift; sourceTree = "<group>"; };
		D6EF38822B03D0C40065FD8E /* ProductTile.swift */ = {isa = PBXFileReference; lastKnownFileType = sourcecode.swift; path = ProductTile.swift; sourceTree = "<group>"; };
		D6EF38842B03D1630065FD8E /* CategoryCard.swift */ = {isa = PBXFileReference; lastKnownFileType = sourcecode.swift; path = CategoryCard.swift; sourceTree = "<group>"; };
		D6EF38862B03D1A60065FD8E /* Cart.swift */ = {isa = PBXFileReference; lastKnownFileType = sourcecode.swift; path = Cart.swift; sourceTree = "<group>"; };
		D6EF38882B03E2FF0065FD8E /* CheckoutView.swift */ = {isa = PBXFileReference; lastKnownFileType = sourcecode.swift; path = CheckoutView.swift; sourceTree = "<group>"; };
		D6EF388A2B03FD2F0065FD8E /* OrderConfirmationView.swift */ = {isa = PBXFileReference; lastKnownFileType = sourcecode.swift; path = OrderConfirmationView.swift; sourceTree = "<group>"; };
		D6EF388C2B0412A00065FD8E /* SearchView.swift */ = {isa = PBXFileReference; lastKnownFileType = sourcecode.swift; path = SearchView.swift; sourceTree = "<group>"; };
/* End PBXFileReference section */

/* Begin PBXFrameworksBuildPhase section */
		D6AAE1CE2AFD63AB00940CE5 /* Frameworks */ = {
			isa = PBXFrameworksBuildPhase;
			buildActionMask = 2147483647;
			files = (
			);
			runOnlyForDeploymentPostprocessing = 0;
		};
/* End PBXFrameworksBuildPhase section */

/* Begin PBXGroup section */
		D60B12EF2B016ADB008D725F /* Home */ = {
			isa = PBXGroup;
			children = (
				D60B12F22B016AF8008D725F /* HomeView.swift */,
				D6EF387C2B03B7FD0065FD8E /* ProductDetailView.swift */,
				D6EF388C2B0412A00065FD8E /* SearchView.swift */,
			);
			path = Home;
			sourceTree = "<group>";
		};
		D60B12F02B016AE4008D725F /* Cart */ = {
			isa = PBXGroup;
			children = (
				D60B12F42B016BC5008D725F /* CartView.swift */,
				D6EF38882B03E2FF0065FD8E /* CheckoutView.swift */,
				D6EF388A2B03FD2F0065FD8E /* OrderConfirmationView.swift */,
			);
			path = Cart;
			sourceTree = "<group>";
		};
		D60B12F12B016AEA008D725F /* Profile */ = {
			isa = PBXGroup;
			children = (
				D60B12F62B017071008D725F /* ProfileView.swift */,
			);
			path = Profile;
			sourceTree = "<group>";
		};
		D60B12F82B017729008D725F /* Models */ = {
			isa = PBXGroup;
			children = (
				D60B12F92B01773C008D725F /* User.swift */,
				D6EF387E2B03B8880065FD8E /* Product.swift */,
				D6EF38862B03D1A60065FD8E /* Cart.swift */,
			);
			path = Models;
			sourceTree = "<group>";
		};
		D6AAE1C82AFD63AB00940CE5 = {
			isa = PBXGroup;
			children = (
				D6AAE1F22AFD771600940CE5 /* openSans.ttf */,
				D6AAE1D32AFD63AB00940CE5 /* KitchenCart */,
				D6AAE1D22AFD63AB00940CE5 /* Products */,
			);
			sourceTree = "<group>";
		};
		D6AAE1D22AFD63AB00940CE5 /* Products */ = {
			isa = PBXGroup;
			children = (
				D6AAE1D12AFD63AB00940CE5 /* KitchenCart.app */,
			);
			name = Products;
			sourceTree = "<group>";
		};
		D6AAE1D32AFD63AB00940CE5 /* KitchenCart */ = {
			isa = PBXGroup;
			children = (
				D60B12F82B017729008D725F /* Models */,
				D6D1E7842AFECAE800A84AA2 /* Components */,
				D6AAE1F12AFD76BC00940CE5 /* Info.plist */,
				D6AAE1EA2AFD6DD500940CE5 /* Utils */,
				D6AAE1E22AFD642600940CE5 /* Views */,
				D6AAE1D42AFD63AB00940CE5 /* KitchenCartApp.swift */,
				D6AAE1D62AFD63AB00940CE5 /* ContentView.swift */,
				D6AAE1D82AFD63AC00940CE5 /* Assets.xcassets */,
				D6AAE1DA2AFD63AC00940CE5 /* Preview Content */,
			);
			path = KitchenCart;
			sourceTree = "<group>";
		};
		D6AAE1DA2AFD63AC00940CE5 /* Preview Content */ = {
			isa = PBXGroup;
			children = (
				D6AAE1DB2AFD63AC00940CE5 /* Preview Assets.xcassets */,
			);
			path = "Preview Content";
			sourceTree = "<group>";
		};
		D6AAE1E22AFD642600940CE5 /* Views */ = {
			isa = PBXGroup;
			children = (
				D6D1E7882AFECDF100A84AA2 /* MainApp */,
				D6AAE1E72AFD648200940CE5 /* OnBoardingViews */,
			);
			path = Views;
			sourceTree = "<group>";
		};
		D6AAE1E72AFD648200940CE5 /* OnBoardingViews */ = {
			isa = PBXGroup;
			children = (
				D6AAE1E32AFD645E00940CE5 /* WelcomeView.swift */,
				D6AAE1E52AFD647500940CE5 /* LoginView.swift */,
				D6AAE1E82AFD649B00940CE5 /* SignupView.swift */,
			);
			path = OnBoardingViews;
			sourceTree = "<group>";
		};
		D6AAE1EA2AFD6DD500940CE5 /* Utils */ = {
			isa = PBXGroup;
			children = (
				D6AAE1EB2AFD6DE500940CE5 /* Colors.swift */,
			);
			path = Utils;
			sourceTree = "<group>";
		};
		D6D1E7842AFECAE800A84AA2 /* Components */ = {
			isa = PBXGroup;
			children = (
				D6D1E7852AFECB0000A84AA2 /* NavigationButton.swift */,
				D6EF38802B03D0650065FD8E /* CartTile.swift */,
				D6EF38822B03D0C40065FD8E /* ProductTile.swift */,
				D6EF38842B03D1630065FD8E /* CategoryCard.swift */,
			);
			path = Components;
			sourceTree = "<group>";
		};
		D6D1E7882AFECDF100A84AA2 /* MainApp */ = {
			isa = PBXGroup;
			children = (
				D60B12F12B016AEA008D725F /* Profile */,
				D60B12F02B016AE4008D725F /* Cart */,
				D60B12EF2B016ADB008D725F /* Home */,
				D6D1E7892AFECDFE00A84AA2 /* MainApp.swift */,
			);
			path = MainApp;
			sourceTree = "<group>";
		};
/* End PBXGroup section */

/* Begin PBXNativeTarget section */
		D6AAE1D02AFD63AB00940CE5 /* KitchenCart */ = {
			isa = PBXNativeTarget;
			buildConfigurationList = D6AAE1DF2AFD63AC00940CE5 /* Build configuration list for PBXNativeTarget "KitchenCart" */;
			buildPhases = (
				D6AAE1CD2AFD63AB00940CE5 /* Sources */,
				D6AAE1CE2AFD63AB00940CE5 /* Frameworks */,
				D6AAE1CF2AFD63AB00940CE5 /* Resources */,
			);
			buildRules = (
			);
			dependencies = (
			);
			name = KitchenCart;
			productName = KitchenCart;
			productReference = D6AAE1D12AFD63AB00940CE5 /* KitchenCart.app */;
			productType = "com.apple.product-type.application";
		};
/* End PBXNativeTarget section */

/* Begin PBXProject section */
		D6AAE1C92AFD63AB00940CE5 /* Project object */ = {
			isa = PBXProject;
			attributes = {
				BuildIndependentTargetsInParallel = 1;
				LastSwiftUpdateCheck = 1500;
				LastUpgradeCheck = 1500;
				TargetAttributes = {
					D6AAE1D02AFD63AB00940CE5 = {
						CreatedOnToolsVersion = 15.0.1;
					};
				};
			};
			buildConfigurationList = D6AAE1CC2AFD63AB00940CE5 /* Build configuration list for PBXProject "KitchenCart" */;
			compatibilityVersion = "Xcode 14.0";
			developmentRegion = en;
			hasScannedForEncodings = 0;
			knownRegions = (
				en,
				Base,
			);
			mainGroup = D6AAE1C82AFD63AB00940CE5;
			productRefGroup = D6AAE1D22AFD63AB00940CE5 /* Products */;
			projectDirPath = "";
			projectRoot = "";
			targets = (
				D6AAE1D02AFD63AB00940CE5 /* KitchenCart */,
			);
		};
/* End PBXProject section */

/* Begin PBXResourcesBuildPhase section */
		D6AAE1CF2AFD63AB00940CE5 /* Resources */ = {
			isa = PBXResourcesBuildPhase;
			buildActionMask = 2147483647;
			files = (
				D6AAE1F32AFD771600940CE5 /* openSans.ttf in Resources */,
				D6AAE1DC2AFD63AC00940CE5 /* Preview Assets.xcassets in Resources */,
				D6AAE1D92AFD63AC00940CE5 /* Assets.xcassets in Resources */,
			);
			runOnlyForDeploymentPostprocessing = 0;
		};
/* End PBXResourcesBuildPhase section */

/* Begin PBXSourcesBuildPhase section */
		D6AAE1CD2AFD63AB00940CE5 /* Sources */ = {
			isa = PBXSourcesBuildPhase;
			buildActionMask = 2147483647;
			files = (
				D60B12F52B016BC5008D725F /* CartView.swift in Sources */,
				D6EF38872B03D1A60065FD8E /* Cart.swift in Sources */,
				D6EF38812B03D0650065FD8E /* CartTile.swift in Sources */,
				D6EF38892B03E2FF0065FD8E /* CheckoutView.swift in Sources */,
				D60B12F32B016AF8008D725F /* HomeView.swift in Sources */,
				D6EF38852B03D1630065FD8E /* CategoryCard.swift in Sources */,
				D6D1E7862AFECB0000A84AA2 /* NavigationButton.swift in Sources */,
				D6AAE1D72AFD63AB00940CE5 /* ContentView.swift in Sources */,
				D6AAE1EC2AFD6DE500940CE5 /* Colors.swift in Sources */,
				D6AAE1E42AFD645E00940CE5 /* WelcomeView.swift in Sources */,
				D6EF388D2B0412A00065FD8E /* SearchView.swift in Sources */,
				D6EF388B2B03FD2F0065FD8E /* OrderConfirmationView.swift in Sources */,
				D60B12FA2B01773C008D725F /* User.swift in Sources */,
				D6AAE1E62AFD647500940CE5 /* LoginView.swift in Sources */,
				D6AAE1D52AFD63AB00940CE5 /* KitchenCartApp.swift in Sources */,
				D6EF38832B03D0C40065FD8E /* ProductTile.swift in Sources */,
				D6EF387D2B03B7FD0065FD8E /* ProductDetailView.swift in Sources */,
				D6D1E78A2AFECDFE00A84AA2 /* MainApp.swift in Sources */,
				D60B12F72B017071008D725F /* ProfileView.swift in Sources */,
				D6AAE1E92AFD649B00940CE5 /* SignupView.swift in Sources */,
				D6EF387F2B03B8880065FD8E /* Product.swift in Sources */,
			);
			runOnlyForDeploymentPostprocessing = 0;
		};
/* End PBXSourcesBuildPhase section */

/* Begin XCBuildConfiguration section */
		D6AAE1DD2AFD63AC00940CE5 /* Debug */ = {
			isa = XCBuildConfiguration;
			buildSettings = {
				ALWAYS_SEARCH_USER_PATHS = NO;
				ASSETCATALOG_COMPILER_GENERATE_SWIFT_ASSET_SYMBOL_EXTENSIONS = YES;
				CLANG_ANALYZER_NONNULL = YES;
				CLANG_ANALYZER_NUMBER_OBJECT_CONVERSION = YES_AGGRESSIVE;
				CLANG_CXX_LANGUAGE_STANDARD = "gnu++20";
				CLANG_ENABLE_MODULES = YES;
				CLANG_ENABLE_OBJC_ARC = YES;
				CLANG_ENABLE_OBJC_WEAK = YES;
				CLANG_WARN_BLOCK_CAPTURE_AUTORELEASING = YES;
				CLANG_WARN_BOOL_CONVERSION = YES;
				CLANG_WARN_COMMA = YES;
				CLANG_WARN_CONSTANT_CONVERSION = YES;
				CLANG_WARN_DEPRECATED_OBJC_IMPLEMENTATIONS = YES;
				CLANG_WARN_DIRECT_OBJC_ISA_USAGE = YES_ERROR;
				CLANG_WARN_DOCUMENTATION_COMMENTS = YES;
				CLANG_WARN_EMPTY_BODY = YES;
				CLANG_WARN_ENUM_CONVERSION = YES;
				CLANG_WARN_INFINITE_RECURSION = YES;
				CLANG_WARN_INT_CONVERSION = YES;
				CLANG_WARN_NON_LITERAL_NULL_CONVERSION = YES;
				CLANG_WARN_OBJC_IMPLICIT_RETAIN_SELF = YES;
				CLANG_WARN_OBJC_LITERAL_CONVERSION = YES;
				CLANG_WARN_OBJC_ROOT_CLASS = YES_ERROR;
				CLANG_WARN_QUOTED_INCLUDE_IN_FRAMEWORK_HEADER = YES;
				CLANG_WARN_RANGE_LOOP_ANALYSIS = YES;
				CLANG_WARN_STRICT_PROTOTYPES = YES;
				CLANG_WARN_SUSPICIOUS_MOVE = YES;
				CLANG_WARN_UNGUARDED_AVAILABILITY = YES_AGGRESSIVE;
				CLANG_WARN_UNREACHABLE_CODE = YES;
				CLANG_WARN__DUPLICATE_METHOD_MATCH = YES;
				COPY_PHASE_STRIP = NO;
				DEBUG_INFORMATION_FORMAT = dwarf;
				ENABLE_STRICT_OBJC_MSGSEND = YES;
				ENABLE_TESTABILITY = YES;
				ENABLE_USER_SCRIPT_SANDBOXING = YES;
				GCC_C_LANGUAGE_STANDARD = gnu17;
				GCC_DYNAMIC_NO_PIC = NO;
				GCC_NO_COMMON_BLOCKS = YES;
				GCC_OPTIMIZATION_LEVEL = 0;
				GCC_PREPROCESSOR_DEFINITIONS = (
					"DEBUG=1",
					"$(inherited)",
				);
				GCC_WARN_64_TO_32_BIT_CONVERSION = YES;
				GCC_WARN_ABOUT_RETURN_TYPE = YES_ERROR;
				GCC_WARN_UNDECLARED_SELECTOR = YES;
				GCC_WARN_UNINITIALIZED_AUTOS = YES_AGGRESSIVE;
				GCC_WARN_UNUSED_FUNCTION = YES;
				GCC_WARN_UNUSED_VARIABLE = YES;
				IPHONEOS_DEPLOYMENT_TARGET = 17.0;
				LOCALIZATION_PREFERS_STRING_CATALOGS = YES;
				MTL_ENABLE_DEBUG_INFO = INCLUDE_SOURCE;
				MTL_FAST_MATH = YES;
				ONLY_ACTIVE_ARCH = YES;
				SDKROOT = iphoneos;
				SWIFT_ACTIVE_COMPILATION_CONDITIONS = "DEBUG $(inherited)";
				SWIFT_OPTIMIZATION_LEVEL = "-Onone";
			};
			name = Debug;
		};
		D6AAE1DE2AFD63AC00940CE5 /* Release */ = {
			isa = XCBuildConfiguration;
			buildSettings = {
				ALWAYS_SEARCH_USER_PATHS = NO;
				ASSETCATALOG_COMPILER_GENERATE_SWIFT_ASSET_SYMBOL_EXTENSIONS = YES;
				CLANG_ANALYZER_NONNULL = YES;
				CLANG_ANALYZER_NUMBER_OBJECT_CONVERSION = YES_AGGRESSIVE;
				CLANG_CXX_LANGUAGE_STANDARD = "gnu++20";
				CLANG_ENABLE_MODULES = YES;
				CLANG_ENABLE_OBJC_ARC = YES;
				CLANG_ENABLE_OBJC_WEAK = YES;
				CLANG_WARN_BLOCK_CAPTURE_AUTORELEASING = YES;
				CLANG_WARN_BOOL_CONVERSION = YES;
				CLANG_WARN_COMMA = YES;
				CLANG_WARN_CONSTANT_CONVERSION = YES;
				CLANG_WARN_DEPRECATED_OBJC_IMPLEMENTATIONS = YES;
				CLANG_WARN_DIRECT_OBJC_ISA_USAGE = YES_ERROR;
				CLANG_WARN_DOCUMENTATION_COMMENTS = YES;
				CLANG_WARN_EMPTY_BODY = YES;
				CLANG_WARN_ENUM_CONVERSION = YES;
				CLANG_WARN_INFINITE_RECURSION = YES;
				CLANG_WARN_INT_CONVERSION = YES;
				CLANG_WARN_NON_LITERAL_NULL_CONVERSION = YES;
				CLANG_WARN_OBJC_IMPLICIT_RETAIN_SELF = YES;
				CLANG_WARN_OBJC_LITERAL_CONVERSION = YES;
				CLANG_WARN_OBJC_ROOT_CLASS = YES_ERROR;
				CLANG_WARN_QUOTED_INCLUDE_IN_FRAMEWORK_HEADER = YES;
				CLANG_WARN_RANGE_LOOP_ANALYSIS = YES;
				CLANG_WARN_STRICT_PROTOTYPES = YES;
				CLANG_WARN_SUSPICIOUS_MOVE = YES;
				CLANG_WARN_UNGUARDED_AVAILABILITY = YES_AGGRESSIVE;
				CLANG_WARN_UNREACHABLE_CODE = YES;
				CLANG_WARN__DUPLICATE_METHOD_MATCH = YES;
				COPY_PHASE_STRIP = NO;
				DEBUG_INFORMATION_FORMAT = "dwarf-with-dsym";
				ENABLE_NS_ASSERTIONS = NO;
				ENABLE_STRICT_OBJC_MSGSEND = YES;
				ENABLE_USER_SCRIPT_SANDBOXING = YES;
				GCC_C_LANGUAGE_STANDARD = gnu17;
				GCC_NO_COMMON_BLOCKS = YES;
				GCC_WARN_64_TO_32_BIT_CONVERSION = YES;
				GCC_WARN_ABOUT_RETURN_TYPE = YES_ERROR;
				GCC_WARN_UNDECLARED_SELECTOR = YES;
				GCC_WARN_UNINITIALIZED_AUTOS = YES_AGGRESSIVE;
				GCC_WARN_UNUSED_FUNCTION = YES;
				GCC_WARN_UNUSED_VARIABLE = YES;
				IPHONEOS_DEPLOYMENT_TARGET = 17.0;
				LOCALIZATION_PREFERS_STRING_CATALOGS = YES;
				MTL_ENABLE_DEBUG_INFO = NO;
				MTL_FAST_MATH = YES;
				SDKROOT = iphoneos;
				SWIFT_COMPILATION_MODE = wholemodule;
				VALIDATE_PRODUCT = YES;
			};
			name = Release;
		};
		D6AAE1E02AFD63AC00940CE5 /* Debug */ = {
			isa = XCBuildConfiguration;
			buildSettings = {
				ASSETCATALOG_COMPILER_APPICON_NAME = AppIcon;
				ASSETCATALOG_COMPILER_GLOBAL_ACCENT_COLOR_NAME = AccentColor;
				CODE_SIGN_STYLE = Automatic;
				CURRENT_PROJECT_VERSION = 1;
				DEVELOPMENT_ASSET_PATHS = "\"KitchenCart/Preview Content\"";
				DEVELOPMENT_TEAM = H6C7G2H9Z2;
				ENABLE_PREVIEWS = YES;
				GENERATE_INFOPLIST_FILE = YES;
				INFOPLIST_FILE = KitchenCart/Info.plist;
				INFOPLIST_KEY_UIApplicationSceneManifest_Generation = YES;
				INFOPLIST_KEY_UIApplicationSupportsIndirectInputEvents = YES;
				INFOPLIST_KEY_UILaunchScreen_Generation = YES;
				INFOPLIST_KEY_UISupportedInterfaceOrientations_iPad = "UIInterfaceOrientationPortrait UIInterfaceOrientationPortraitUpsideDown UIInterfaceOrientationLandscapeLeft UIInterfaceOrientationLandscapeRight";
				INFOPLIST_KEY_UISupportedInterfaceOrientations_iPhone = "UIInterfaceOrientationPortrait UIInterfaceOrientationLandscapeLeft UIInterfaceOrientationLandscapeRight";
				LD_RUNPATH_SEARCH_PATHS = (
					"$(inherited)",
					"@executable_path/Frameworks",
				);
				MARKETING_VERSION = 1.0;
				PRODUCT_BUNDLE_IDENTIFIER = com.suyash.KitchenCart;
				PRODUCT_NAME = "$(TARGET_NAME)";
				SWIFT_EMIT_LOC_STRINGS = YES;
				SWIFT_VERSION = 5.0;
				TARGETED_DEVICE_FAMILY = "1,2";
			};
			name = Debug;
		};
		D6AAE1E12AFD63AC00940CE5 /* Release */ = {
			isa = XCBuildConfiguration;
			buildSettings = {
				ASSETCATALOG_COMPILER_APPICON_NAME = AppIcon;
				ASSETCATALOG_COMPILER_GLOBAL_ACCENT_COLOR_NAME = AccentColor;
				CODE_SIGN_STYLE = Automatic;
				CURRENT_PROJECT_VERSION = 1;
				DEVELOPMENT_ASSET_PATHS = "\"KitchenCart/Preview Content\"";
				DEVELOPMENT_TEAM = H6C7G2H9Z2;
				ENABLE_PREVIEWS = YES;
				GENERATE_INFOPLIST_FILE = YES;
				INFOPLIST_FILE = KitchenCart/Info.plist;
				INFOPLIST_KEY_UIApplicationSceneManifest_Generation = YES;
				INFOPLIST_KEY_UIApplicationSupportsIndirectInputEvents = YES;
				INFOPLIST_KEY_UILaunchScreen_Generation = YES;
				INFOPLIST_KEY_UISupportedInterfaceOrientations_iPad = "UIInterfaceOrientationPortrait UIInterfaceOrientationPortraitUpsideDown UIInterfaceOrientationLandscapeLeft UIInterfaceOrientationLandscapeRight";
				INFOPLIST_KEY_UISupportedInterfaceOrientations_iPhone = "UIInterfaceOrientationPortrait UIInterfaceOrientationLandscapeLeft UIInterfaceOrientationLandscapeRight";
				LD_RUNPATH_SEARCH_PATHS = (
					"$(inherited)",
					"@executable_path/Frameworks",
				);
				MARKETING_VERSION = 1.0;
				PRODUCT_BUNDLE_IDENTIFIER = com.suyash.KitchenCart;
				PRODUCT_NAME = "$(TARGET_NAME)";
				SWIFT_EMIT_LOC_STRINGS = YES;
				SWIFT_VERSION = 5.0;
				TARGETED_DEVICE_FAMILY = "1,2";
			};
			name = Release;
		};
/* End XCBuildConfiguration section */

/* Begin XCConfigurationList section */
		D6AAE1CC2AFD63AB00940CE5 /* Build configuration list for PBXProject "KitchenCart" */ = {
			isa = XCConfigurationList;
			buildConfigurations = (
				D6AAE1DD2AFD63AC00940CE5 /* Debug */,
				D6AAE1DE2AFD63AC00940CE5 /* Release */,
			);
			defaultConfigurationIsVisible = 0;
			defaultConfigurationName = Release;
		};
		D6AAE1DF2AFD63AC00940CE5 /* Build configuration list for PBXNativeTarget "KitchenCart" */ = {
			isa = XCConfigurationList;
			buildConfigurations = (
				D6AAE1E02AFD63AC00940CE5 /* Debug */,
				D6AAE1E12AFD63AC00940CE5 /* Release */,
			);
			defaultConfigurationIsVisible = 0;
			defaultConfigurationName = Release;
		};
/* End XCConfigurationList section */
	};
	rootObject = D6AAE1C92AFD63AB00940CE5 /* Project object */;
}
